PODS:
  - DPLibrary (1.4.4):
    - KeychainSwift (~> 19.0)
    - Kingfisher (~> 5.15.6)
  - KeychainSwift (19.0.0)
  - Kingfisher (5.15.8):
    - Kingfisher/Core (= 5.15.8)
  - Kingfisher/Core (5.15.8)

DEPENDENCIES:
  - DPLibrary (from `../`)
  - KeychainSwift (~> 19.0)
  - Kingfisher (~> 5.15.6)

SPEC REPOS:
  trunk:
    - KeychainSwift
    - Kingfisher

EXTERNAL SOURCES:
  DPLibrary:
    :path: "../"

SPEC CHECKSUMS:
  DPLibrary: 09d9f2e940ff6f19e457196edc3064b90f5b41c5
  KeychainSwift: a06190cf933ad46b1e0abc3d77d29c06331715c7
  Kingfisher: a3c03d702433fa6cfedabb2bddbe076fb8f2e902

PODFILE CHECKSUM: 9c82657d7af7f1cbd3030ea7750e3575e31d4049

COCOAPODS: 1.10.1
